
Microsoft Visual Studio Solution File, Format Version 12.00
# Visual Studio Version 17
VisualStudioVersion = 17.13.35931.197 d17.13
MinimumVisualStudioVersion = 10.0.40219.1
Project("{FAE04EC0-301F-11D3-BF4B-00C04F79EFBC}") = "ATM.API", "ATM.API\ATM.API.csproj", "{C3369030-020E-429D-BB2E-7F8E003A6ADA}"
EndProject
Global
	GlobalSection(SolutionConfigurationPlatforms) = preSolution
		Debug|Any CPU = Debug|Any CPU
		Release|Any CPU = Release|Any CPU
	EndGlobalSection
	GlobalSection(ProjectConfigurationPlatforms) = postSolution
		{C3369030-020E-429D-BB2E-7F8E003A6ADA}.Debug|Any CPU.ActiveCfg = Debug|Any CPU
		{C3369030-020E-429D-BB2E-7F8E003A6ADA}.Debug|Any CPU.Build.0 = Debug|Any CPU
		{C3369030-020E-429D-BB2E-7F8E003A6ADA}.Release|Any CPU.ActiveCfg = Release|Any CPU
		{C3369030-020E-429D-BB2E-7F8E003A6ADA}.Release|Any CPU.Build.0 = Release|Any CPU
	EndGlobalSection
	GlobalSection(SolutionProperties) = preSolution
		HideSolutionNode = FALSE
	EndGlobalSection
	GlobalSection(ExtensibilityGlobals) = postSolution
		SolutionGuid = {B03EDF7E-F454-4E95-9E7C-02B5CD677AD7}
	EndGlobalSection
EndGlobal
